// !$*UTF8*$!
{
	archiveVersion = 1;
	classes = {
	};
	objectVersion = 60;
	objects = {

/* Begin PBXBuildFile section */
		D21CC3912B6D7F3F005B2BFC /* Performer.swift in Sources */ = {isa = PBXBuildFile; fileRef = D21CC3902B6D7F3F005B2BFC /* Performer.swift */; };
		D22BA1142B6B36E20037E129 /* ShowList.swift in Sources */ = {isa = PBXBuildFile; fileRef = D22BA1132B6B36E20037E129 /* ShowList.swift */; };
		D22BA1172B6B37BB0037E129 /* Show.swift in Sources */ = {isa = PBXBuildFile; fileRef = D22BA1162B6B37BB0037E129 /* Show.swift */; };
		D22BA11A2B6B37D60037E129 /* ShowGroup.swift in Sources */ = {isa = PBXBuildFile; fileRef = D22BA1192B6B37D60037E129 /* ShowGroup.swift */; };
		D22BA11E2B6B38EA0037E129 /* ShowRow.swift in Sources */ = {isa = PBXBuildFile; fileRef = D22BA11D2B6B38EA0037E129 /* ShowRow.swift */; };
		D24492ED2B6D8A5A00DBCC13 /* PodcastList.swift in Sources */ = {isa = PBXBuildFile; fileRef = D24492EC2B6D8A5A00DBCC13 /* PodcastList.swift */; };
		D24492F12B6D8E4600DBCC13 /* Main.swift in Sources */ = {isa = PBXBuildFile; fileRef = D24492F02B6D8E4600DBCC13 /* Main.swift */; };
		D278176D2B6BAC8900D44B4D /* Videos.swift in Sources */ = {isa = PBXBuildFile; fileRef = D278176C2B6BAC8900D44B4D /* Videos.swift */; };
		D278176F2B6BAF8900D44B4D /* Venue.swift in Sources */ = {isa = PBXBuildFile; fileRef = D278176E2B6BAF8900D44B4D /* Venue.swift */; };
		D27817732B810BB900D44B4D /* PodcastDetail.swift in Sources */ = {isa = PBXBuildFile; fileRef = D27817722B810BB900D44B4D /* PodcastDetail.swift */; };
		D27C2DD82B6C145E0036F4A9 /* MapView.swift in Sources */ = {isa = PBXBuildFile; fileRef = D27C2DD72B6C145E0036F4A9 /* MapView.swift */; };
		D27C2DDA2B6D4B8E0036F4A9 /* DetectOrientation.swift in Sources */ = {isa = PBXBuildFile; fileRef = D27C2DD92B6D4B8E0036F4A9 /* DetectOrientation.swift */; };
		D27C2DDC2B6D4C1D0036F4A9 /* ShowDetailText.swift in Sources */ = {isa = PBXBuildFile; fileRef = D27C2DDB2B6D4C1D0036F4A9 /* ShowDetailText.swift */; };
		D29EB7BC2B6D89810093C1DC /* Podcast.swift in Sources */ = {isa = PBXBuildFile; fileRef = D29EB7BB2B6D89810093C1DC /* Podcast.swift */; };
		D2A116792B814C5800CA5EFD /* AudioPlayerViewModel.swift in Sources */ = {isa = PBXBuildFile; fileRef = D2A116782B814C5800CA5EFD /* AudioPlayerViewModel.swift */; };
		D2A1167E2B82D8FF00CA5EFD /* podcasts.json in Resources */ = {isa = PBXBuildFile; fileRef = D2A1167D2B82D8FF00CA5EFD /* podcasts.json */; };
		D2A116802B82D91F00CA5EFD /* shows.json in Resources */ = {isa = PBXBuildFile; fileRef = D2A1167F2B82D91F00CA5EFD /* shows.json */; };
		D2A116822B84020B00CA5EFD /* Loading.swift in Sources */ = {isa = PBXBuildFile; fileRef = D2A116812B84020B00CA5EFD /* Loading.swift */; };
		D2A116842B842F3700CA5EFD /* StaticData.swift in Sources */ = {isa = PBXBuildFile; fileRef = D2A116832B842F3700CA5EFD /* StaticData.swift */; };
		D2A116862B8436A400CA5EFD /* SkeletonRow.swift in Sources */ = {isa = PBXBuildFile; fileRef = D2A116852B8436A400CA5EFD /* SkeletonRow.swift */; };
		D2A116882B84374900CA5EFD /* SkeletonSection.swift in Sources */ = {isa = PBXBuildFile; fileRef = D2A116872B84374900CA5EFD /* SkeletonSection.swift */; };
		D2A1168D2B89365900CA5EFD /* Apollo in Frameworks */ = {isa = PBXBuildFile; productRef = D2A1168C2B89365900CA5EFD /* Apollo */; };
		D2A1168F2B89365900CA5EFD /* Apollo-Dynamic in Frameworks */ = {isa = PBXBuildFile; productRef = D2A1168E2B89365900CA5EFD /* Apollo-Dynamic */; };
		D2A116912B89365900CA5EFD /* ApolloAPI in Frameworks */ = {isa = PBXBuildFile; productRef = D2A116902B89365900CA5EFD /* ApolloAPI */; };
		D2A116932B89365900CA5EFD /* ApolloSQLite in Frameworks */ = {isa = PBXBuildFile; productRef = D2A116922B89365900CA5EFD /* ApolloSQLite */; };
		D2A116952B89365900CA5EFD /* ApolloTestSupport in Frameworks */ = {isa = PBXBuildFile; productRef = D2A116942B89365900CA5EFD /* ApolloTestSupport */; };
		D2A116972B89365900CA5EFD /* ApolloWebSocket in Frameworks */ = {isa = PBXBuildFile; productRef = D2A116962B89365900CA5EFD /* ApolloWebSocket */; };
		D2A9291C2B6B3ED700480408 /* ShowDetail.swift in Sources */ = {isa = PBXBuildFile; fileRef = D2A9291B2B6B3ED700480408 /* ShowDetail.swift */; };
		D2A9291E2B6B403800480408 /* Helpers.swift in Sources */ = {isa = PBXBuildFile; fileRef = D2A9291D2B6B403800480408 /* Helpers.swift */; };
		D2CBDD082B89438500F4437D /* ApolloClient.swift in Sources */ = {isa = PBXBuildFile; fileRef = D2CBDD072B89438500F4437D /* ApolloClient.swift */; };
		D2CBDD0F2B8944E000F4437D /* operations in Resources */ = {isa = PBXBuildFile; fileRef = D2CBDD0C2B8944E000F4437D /* operations */; };
		D2CBDD1A2B894B5E00F4437D /* HighForThisAPI in Frameworks */ = {isa = PBXBuildFile; productRef = D2CBDD192B894B5E00F4437D /* HighForThisAPI */; };
		D2CBDD1C2B8C04CD00F4437D /* schema.graphql in Resources */ = {isa = PBXBuildFile; fileRef = D2CBDD1B2B8C04CD00F4437D /* schema.graphql */; };
		D2D50F7E2B6AB472007F335C /* HighForThisApp.swift in Sources */ = {isa = PBXBuildFile; fileRef = D2D50F7D2B6AB472007F335C /* HighForThisApp.swift */; };
		D2D50F802B6AB472007F335C /* ContentView.swift in Sources */ = {isa = PBXBuildFile; fileRef = D2D50F7F2B6AB472007F335C /* ContentView.swift */; };
		D2D50F822B6AB474007F335C /* Assets.xcassets in Resources */ = {isa = PBXBuildFile; fileRef = D2D50F812B6AB474007F335C /* Assets.xcassets */; };
		D2D50F862B6AB474007F335C /* Preview Assets.xcassets in Resources */ = {isa = PBXBuildFile; fileRef = D2D50F852B6AB474007F335C /* Preview Assets.xcassets */; };
		D2D50F902B6AB474007F335C /* HighForThisTests.swift in Sources */ = {isa = PBXBuildFile; fileRef = D2D50F8F2B6AB474007F335C /* HighForThisTests.swift */; };
		D2D50F9A2B6AB474007F335C /* HighForThisUITests.swift in Sources */ = {isa = PBXBuildFile; fileRef = D2D50F992B6AB474007F335C /* HighForThisUITests.swift */; };
		D2D50F9C2B6AB474007F335C /* HighForThisUITestsLaunchTests.swift in Sources */ = {isa = PBXBuildFile; fileRef = D2D50F9B2B6AB474007F335C /* HighForThisUITestsLaunchTests.swift */; };
/* End PBXBuildFile section */

/* Begin PBXContainerItemProxy section */
		D2D50F8C2B6AB474007F335C /* PBXContainerItemProxy */ = {
			isa = PBXContainerItemProxy;
			containerPortal = D2D50F722B6AB472007F335C /* Project object */;
			proxyType = 1;
			remoteGlobalIDString = D2D50F792B6AB472007F335C;
			remoteInfo = HighForThis;
		};
		D2D50F962B6AB474007F335C /* PBXContainerItemProxy */ = {
			isa = PBXContainerItemProxy;
			containerPortal = D2D50F722B6AB472007F335C /* Project object */;
			proxyType = 1;
			remoteGlobalIDString = D2D50F792B6AB472007F335C;
			remoteInfo = HighForThis;
		};
/* End PBXContainerItemProxy section */

/* Begin PBXFileReference section */
		D21CC3902B6D7F3F005B2BFC /* Performer.swift */ = {isa = PBXFileReference; lastKnownFileType = sourcecode.swift; path = Performer.swift; sourceTree = "<group>"; };
		D22BA1132B6B36E20037E129 /* ShowList.swift */ = {isa = PBXFileReference; lastKnownFileType = sourcecode.swift; path = ShowList.swift; sourceTree = "<group>"; };
		D22BA1162B6B37BB0037E129 /* Show.swift */ = {isa = PBXFileReference; lastKnownFileType = sourcecode.swift; path = Show.swift; sourceTree = "<group>"; };
		D22BA1192B6B37D60037E129 /* ShowGroup.swift */ = {isa = PBXFileReference; lastKnownFileType = sourcecode.swift; path = ShowGroup.swift; sourceTree = "<group>"; };
		D22BA11D2B6B38EA0037E129 /* ShowRow.swift */ = {isa = PBXFileReference; lastKnownFileType = sourcecode.swift; path = ShowRow.swift; sourceTree = "<group>"; };
		D24492EC2B6D8A5A00DBCC13 /* PodcastList.swift */ = {isa = PBXFileReference; lastKnownFileType = sourcecode.swift; path = PodcastList.swift; sourceTree = "<group>"; };
		D24492F02B6D8E4600DBCC13 /* Main.swift */ = {isa = PBXFileReference; lastKnownFileType = sourcecode.swift; path = Main.swift; sourceTree = "<group>"; };
		D278176C2B6BAC8900D44B4D /* Videos.swift */ = {isa = PBXFileReference; lastKnownFileType = sourcecode.swift; path = Videos.swift; sourceTree = "<group>"; };
		D278176E2B6BAF8900D44B4D /* Venue.swift */ = {isa = PBXFileReference; lastKnownFileType = sourcecode.swift; path = Venue.swift; sourceTree = "<group>"; };
		D27817722B810BB900D44B4D /* PodcastDetail.swift */ = {isa = PBXFileReference; lastKnownFileType = sourcecode.swift; path = PodcastDetail.swift; sourceTree = "<group>"; };
		D27C2DD72B6C145E0036F4A9 /* MapView.swift */ = {isa = PBXFileReference; lastKnownFileType = sourcecode.swift; path = MapView.swift; sourceTree = "<group>"; };
		D27C2DD92B6D4B8E0036F4A9 /* DetectOrientation.swift */ = {isa = PBXFileReference; lastKnownFileType = sourcecode.swift; path = DetectOrientation.swift; sourceTree = "<group>"; };
		D27C2DDB2B6D4C1D0036F4A9 /* ShowDetailText.swift */ = {isa = PBXFileReference; lastKnownFileType = sourcecode.swift; path = ShowDetailText.swift; sourceTree = "<group>"; };
		D29EB7BB2B6D89810093C1DC /* Podcast.swift */ = {isa = PBXFileReference; lastKnownFileType = sourcecode.swift; path = Podcast.swift; sourceTree = "<group>"; };
		D2A116782B814C5800CA5EFD /* AudioPlayerViewModel.swift */ = {isa = PBXFileReference; lastKnownFileType = sourcecode.swift; path = AudioPlayerViewModel.swift; sourceTree = "<group>"; };
		D2A1167D2B82D8FF00CA5EFD /* podcasts.json */ = {isa = PBXFileReference; lastKnownFileType = text.json; path = podcasts.json; sourceTree = "<group>"; };
		D2A1167F2B82D91F00CA5EFD /* shows.json */ = {isa = PBXFileReference; lastKnownFileType = text.json; path = shows.json; sourceTree = "<group>"; };
		D2A116812B84020B00CA5EFD /* Loading.swift */ = {isa = PBXFileReference; lastKnownFileType = sourcecode.swift; path = Loading.swift; sourceTree = "<group>"; };
		D2A116832B842F3700CA5EFD /* StaticData.swift */ = {isa = PBXFileReference; lastKnownFileType = sourcecode.swift; path = StaticData.swift; sourceTree = "<group>"; };
		D2A116852B8436A400CA5EFD /* SkeletonRow.swift */ = {isa = PBXFileReference; lastKnownFileType = sourcecode.swift; path = SkeletonRow.swift; sourceTree = "<group>"; };
		D2A116872B84374900CA5EFD /* SkeletonSection.swift */ = {isa = PBXFileReference; lastKnownFileType = sourcecode.swift; path = SkeletonSection.swift; sourceTree = "<group>"; };
		D2A9291B2B6B3ED700480408 /* ShowDetail.swift */ = {isa = PBXFileReference; lastKnownFileType = sourcecode.swift; path = ShowDetail.swift; sourceTree = "<group>"; };
		D2A9291D2B6B403800480408 /* Helpers.swift */ = {isa = PBXFileReference; lastKnownFileType = sourcecode.swift; path = Helpers.swift; sourceTree = "<group>"; };
		D2CBDD072B89438500F4437D /* ApolloClient.swift */ = {isa = PBXFileReference; lastKnownFileType = sourcecode.swift; path = ApolloClient.swift; sourceTree = "<group>"; };
		D2CBDD0C2B8944E000F4437D /* operations */ = {isa = PBXFileReference; lastKnownFileType = folder; path = operations; sourceTree = "<group>"; };
		D2CBDD1B2B8C04CD00F4437D /* schema.graphql */ = {isa = PBXFileReference; fileEncoding = 4; lastKnownFileType = text; path = schema.graphql; sourceTree = "<group>"; };
		D2D50F7A2B6AB472007F335C /* HighForThis.app */ = {isa = PBXFileReference; explicitFileType = wrapper.application; includeInIndex = 0; path = HighForThis.app; sourceTree = BUILT_PRODUCTS_DIR; };
		D2D50F7D2B6AB472007F335C /* HighForThisApp.swift */ = {isa = PBXFileReference; lastKnownFileType = sourcecode.swift; path = HighForThisApp.swift; sourceTree = "<group>"; };
		D2D50F7F2B6AB472007F335C /* ContentView.swift */ = {isa = PBXFileReference; lastKnownFileType = sourcecode.swift; path = ContentView.swift; sourceTree = "<group>"; };
		D2D50F812B6AB474007F335C /* Assets.xcassets */ = {isa = PBXFileReference; lastKnownFileType = folder.assetcatalog; path = Assets.xcassets; sourceTree = "<group>"; };
		D2D50F832B6AB474007F335C /* HighForThis.entitlements */ = {isa = PBXFileReference; lastKnownFileType = text.plist.entitlements; path = HighForThis.entitlements; sourceTree = "<group>"; };
		D2D50F852B6AB474007F335C /* Preview Assets.xcassets */ = {isa = PBXFileReference; lastKnownFileType = folder.assetcatalog; path = "Preview Assets.xcassets"; sourceTree = "<group>"; };
		D2D50F8B2B6AB474007F335C /* HighForThisTests.xctest */ = {isa = PBXFileReference; explicitFileType = wrapper.cfbundle; includeInIndex = 0; path = HighForThisTests.xctest; sourceTree = BUILT_PRODUCTS_DIR; };
		D2D50F8F2B6AB474007F335C /* HighForThisTests.swift */ = {isa = PBXFileReference; lastKnownFileType = sourcecode.swift; path = HighForThisTests.swift; sourceTree = "<group>"; };
		D2D50F952B6AB474007F335C /* HighForThisUITests.xctest */ = {isa = PBXFileReference; explicitFileType = wrapper.cfbundle; includeInIndex = 0; path = HighForThisUITests.xctest; sourceTree = BUILT_PRODUCTS_DIR; };
		D2D50F992B6AB474007F335C /* HighForThisUITests.swift */ = {isa = PBXFileReference; lastKnownFileType = sourcecode.swift; path = HighForThisUITests.swift; sourceTree = "<group>"; };
		D2D50F9B2B6AB474007F335C /* HighForThisUITestsLaunchTests.swift */ = {isa = PBXFileReference; lastKnownFileType = sourcecode.swift; path = HighForThisUITestsLaunchTests.swift; sourceTree = "<group>"; };
/* End PBXFileReference section */

/* Begin PBXFrameworksBuildPhase section */
		D2D50F772B6AB472007F335C /* Frameworks */ = {
			isa = PBXFrameworksBuildPhase;
			buildActionMask = 2147483647;
			files = (
				D2A116912B89365900CA5EFD /* ApolloAPI in Frameworks */,
				D2CBDD1A2B894B5E00F4437D /* HighForThisAPI in Frameworks */,
				D2A116972B89365900CA5EFD /* ApolloWebSocket in Frameworks */,
				D2A116952B89365900CA5EFD /* ApolloTestSupport in Frameworks */,
				D2A116932B89365900CA5EFD /* ApolloSQLite in Frameworks */,
				D2A1168D2B89365900CA5EFD /* Apollo in Frameworks */,
				D2A1168F2B89365900CA5EFD /* Apollo-Dynamic in Frameworks */,
			);
			runOnlyForDeploymentPostprocessing = 0;
		};
		D2D50F882B6AB474007F335C /* Frameworks */ = {
			isa = PBXFrameworksBuildPhase;
			buildActionMask = 2147483647;
			files = (
			);
			runOnlyForDeploymentPostprocessing = 0;
		};
		D2D50F922B6AB474007F335C /* Frameworks */ = {
			isa = PBXFrameworksBuildPhase;
			buildActionMask = 2147483647;
			files = (
			);
			runOnlyForDeploymentPostprocessing = 0;
		};
/* End PBXFrameworksBuildPhase section */

/* Begin PBXGroup section */
		D22BA1152B6B37800037E129 /* Views */ = {
			isa = PBXGroup;
			children = (
				D2D50F7F2B6AB472007F335C /* ContentView.swift */,
				D2A116812B84020B00CA5EFD /* Loading.swift */,
				D24492F02B6D8E4600DBCC13 /* Main.swift */,
				D27C2DD72B6C145E0036F4A9 /* MapView.swift */,
				D2A1168A2B84F2D300CA5EFD /* Podcasts */,
				D2A116892B84F2C200CA5EFD /* Shows */,
				D2A116852B8436A400CA5EFD /* SkeletonRow.swift */,
				D2A116872B84374900CA5EFD /* SkeletonSection.swift */,
				D278176C2B6BAC8900D44B4D /* Videos.swift */,
			);
			path = Views;
			sourceTree = "<group>";
		};
		D22BA1182B6B37C20037E129 /* Models */ = {
			isa = PBXGroup;
			children = (
				D22BA1162B6B37BB0037E129 /* Show.swift */,
				D22BA1192B6B37D60037E129 /* ShowGroup.swift */,
				D278176E2B6BAF8900D44B4D /* Venue.swift */,
				D21CC3902B6D7F3F005B2BFC /* Performer.swift */,
				D29EB7BB2B6D89810093C1DC /* Podcast.swift */,
				D2A116782B814C5800CA5EFD /* AudioPlayerViewModel.swift */,
				D2A116832B842F3700CA5EFD /* StaticData.swift */,
			);
			path = Models;
			sourceTree = "<group>";
		};
		D2A116892B84F2C200CA5EFD /* Shows */ = {
			isa = PBXGroup;
			children = (
				D22BA1132B6B36E20037E129 /* ShowList.swift */,
				D22BA11D2B6B38EA0037E129 /* ShowRow.swift */,
				D2A9291B2B6B3ED700480408 /* ShowDetail.swift */,
				D27C2DDB2B6D4C1D0036F4A9 /* ShowDetailText.swift */,
			);
			path = Shows;
			sourceTree = "<group>";
		};
		D2A1168A2B84F2D300CA5EFD /* Podcasts */ = {
			isa = PBXGroup;
			children = (
				D24492EC2B6D8A5A00DBCC13 /* PodcastList.swift */,
				D27817722B810BB900D44B4D /* PodcastDetail.swift */,
			);
			path = Podcasts;
			sourceTree = "<group>";
		};
		D2CBDD112B8947BD00F4437D /* graphql */ = {
			isa = PBXGroup;
			children = (
				D2E766092BA5DB390081F927 /* schema */,
				D2CBDD0C2B8944E000F4437D /* operations */,
			);
			path = graphql;
			sourceTree = "<group>";
		};
		D2D50F712B6AB472007F335C = {
			isa = PBXGroup;
			children = (
				D2D50F7C2B6AB472007F335C /* HighForThis */,
				D2D50F8E2B6AB474007F335C /* HighForThisTests */,
				D2D50F982B6AB474007F335C /* HighForThisUITests */,
				D2D50F7B2B6AB472007F335C /* Products */,
			);
			sourceTree = "<group>";
		};
		D2D50F7B2B6AB472007F335C /* Products */ = {
			isa = PBXGroup;
			children = (
				D2D50F7A2B6AB472007F335C /* HighForThis.app */,
				D2D50F8B2B6AB474007F335C /* HighForThisTests.xctest */,
				D2D50F952B6AB474007F335C /* HighForThisUITests.xctest */,
			);
			name = Products;
			sourceTree = "<group>";
		};
		D2D50F7C2B6AB472007F335C /* HighForThis */ = {
			isa = PBXGroup;
			children = (
				D2CBDD112B8947BD00F4437D /* graphql */,
				D2D50F812B6AB474007F335C /* Assets.xcassets */,
				D27C2DD92B6D4B8E0036F4A9 /* DetectOrientation.swift */,
				D2A9291D2B6B403800480408 /* Helpers.swift */,
				D2D50F832B6AB474007F335C /* HighForThis.entitlements */,
				D2D50F7D2B6AB472007F335C /* HighForThisApp.swift */,
				D22BA1182B6B37C20037E129 /* Models */,
				D2A1167D2B82D8FF00CA5EFD /* podcasts.json */,
				D2D50F842B6AB474007F335C /* Preview Content */,
				D2A1167F2B82D91F00CA5EFD /* shows.json */,
				D22BA1152B6B37800037E129 /* Views */,
				D2CBDD072B89438500F4437D /* ApolloClient.swift */,
			);
			path = HighForThis;
			sourceTree = "<group>";
		};
		D2D50F842B6AB474007F335C /* Preview Content */ = {
			isa = PBXGroup;
			children = (
				D2D50F852B6AB474007F335C /* Preview Assets.xcassets */,
			);
			path = "Preview Content";
			sourceTree = "<group>";
		};
		D2D50F8E2B6AB474007F335C /* HighForThisTests */ = {
			isa = PBXGroup;
			children = (
				D2D50F8F2B6AB474007F335C /* HighForThisTests.swift */,
			);
			path = HighForThisTests;
			sourceTree = "<group>";
		};
		D2D50F982B6AB474007F335C /* HighForThisUITests */ = {
			isa = PBXGroup;
			children = (
				D2D50F992B6AB474007F335C /* HighForThisUITests.swift */,
				D2D50F9B2B6AB474007F335C /* HighForThisUITestsLaunchTests.swift */,
			);
			path = HighForThisUITests;
			sourceTree = "<group>";
		};
		D2E766092BA5DB390081F927 /* schema */ = {
			isa = PBXGroup;
			children = (
				D2CBDD1B2B8C04CD00F4437D /* schema.graphql */,
			);
			path = schema;
			sourceTree = "<group>";
		};
/* End PBXGroup section */

/* Begin PBXNativeTarget section */
		D2D50F792B6AB472007F335C /* HighForThis */ = {
			isa = PBXNativeTarget;
			buildConfigurationList = D2D50F9F2B6AB474007F335C /* Build configuration list for PBXNativeTarget "HighForThis" */;
			buildPhases = (
				D2D50F762B6AB472007F335C /* Sources */,
				D2D50F772B6AB472007F335C /* Frameworks */,
				D2D50F782B6AB472007F335C /* Resources */,
			);
			buildRules = (
			);
			dependencies = (
			);
			name = HighForThis;
			packageProductDependencies = (
				D2A1168C2B89365900CA5EFD /* Apollo */,
				D2A1168E2B89365900CA5EFD /* Apollo-Dynamic */,
				D2A116902B89365900CA5EFD /* ApolloAPI */,
				D2A116922B89365900CA5EFD /* ApolloSQLite */,
				D2A116942B89365900CA5EFD /* ApolloTestSupport */,
				D2A116962B89365900CA5EFD /* ApolloWebSocket */,
				D2CBDD192B894B5E00F4437D /* HighForThisAPI */,
			);
			productName = HighForThis;
			productReference = D2D50F7A2B6AB472007F335C /* HighForThis.app */;
			productType = "com.apple.product-type.application";
		};
		D2D50F8A2B6AB474007F335C /* HighForThisTests */ = {
			isa = PBXNativeTarget;
			buildConfigurationList = D2D50FA22B6AB474007F335C /* Build configuration list for PBXNativeTarget "HighForThisTests" */;
			buildPhases = (
				D2D50F872B6AB474007F335C /* Sources */,
				D2D50F882B6AB474007F335C /* Frameworks */,
				D2D50F892B6AB474007F335C /* Resources */,
			);
			buildRules = (
			);
			dependencies = (
				D2D50F8D2B6AB474007F335C /* PBXTargetDependency */,
			);
			name = HighForThisTests;
			productName = HighForThisTests;
			productReference = D2D50F8B2B6AB474007F335C /* HighForThisTests.xctest */;
			productType = "com.apple.product-type.bundle.unit-test";
		};
		D2D50F942B6AB474007F335C /* HighForThisUITests */ = {
			isa = PBXNativeTarget;
			buildConfigurationList = D2D50FA52B6AB474007F335C /* Build configuration list for PBXNativeTarget "HighForThisUITests" */;
			buildPhases = (
				D2D50F912B6AB474007F335C /* Sources */,
				D2D50F922B6AB474007F335C /* Frameworks */,
				D2D50F932B6AB474007F335C /* Resources */,
			);
			buildRules = (
			);
			dependencies = (
				D2D50F972B6AB474007F335C /* PBXTargetDependency */,
			);
			name = HighForThisUITests;
			productName = HighForThisUITests;
			productReference = D2D50F952B6AB474007F335C /* HighForThisUITests.xctest */;
			productType = "com.apple.product-type.bundle.ui-testing";
		};
/* End PBXNativeTarget section */

/* Begin PBXProject section */
		D2D50F722B6AB472007F335C /* Project object */ = {
			isa = PBXProject;
			attributes = {
				BuildIndependentTargetsInParallel = 1;
				LastSwiftUpdateCheck = 1520;
				LastUpgradeCheck = 1520;
				TargetAttributes = {
					D2D50F792B6AB472007F335C = {
						CreatedOnToolsVersion = 15.2;
					};
					D2D50F8A2B6AB474007F335C = {
						CreatedOnToolsVersion = 15.2;
						TestTargetID = D2D50F792B6AB472007F335C;
					};
					D2D50F942B6AB474007F335C = {
						CreatedOnToolsVersion = 15.2;
						TestTargetID = D2D50F792B6AB472007F335C;
					};
				};
			};
			buildConfigurationList = D2D50F752B6AB472007F335C /* Build configuration list for PBXProject "HighForThis" */;
			compatibilityVersion = "Xcode 14.0";
			developmentRegion = en;
			hasScannedForEncodings = 0;
			knownRegions = (
				en,
				Base,
			);
			mainGroup = D2D50F712B6AB472007F335C;
			packageReferences = (
				D2A1168B2B89365900CA5EFD /* XCRemoteSwiftPackageReference "apollo-ios" */,
				D2CBDD182B894B5E00F4437D /* XCLocalSwiftPackageReference "HighForThisAPI" */,
			);
			productRefGroup = D2D50F7B2B6AB472007F335C /* Products */;
			projectDirPath = "";
			projectRoot = "";
			targets = (
				D2D50F792B6AB472007F335C /* HighForThis */,
				D2D50F8A2B6AB474007F335C /* HighForThisTests */,
				D2D50F942B6AB474007F335C /* HighForThisUITests */,
			);
		};
/* End PBXProject section */

/* Begin PBXResourcesBuildPhase section */
		D2D50F782B6AB472007F335C /* Resources */ = {
			isa = PBXResourcesBuildPhase;
			buildActionMask = 2147483647;
			files = (
				D2A116802B82D91F00CA5EFD /* shows.json in Resources */,
				D2D50F862B6AB474007F335C /* Preview Assets.xcassets in Resources */,
				D2CBDD0F2B8944E000F4437D /* operations in Resources */,
				D2A1167E2B82D8FF00CA5EFD /* podcasts.json in Resources */,
				D2CBDD1C2B8C04CD00F4437D /* schema.graphql in Resources */,
				D2D50F822B6AB474007F335C /* Assets.xcassets in Resources */,
			);
			runOnlyForDeploymentPostprocessing = 0;
		};
		D2D50F892B6AB474007F335C /* Resources */ = {
			isa = PBXResourcesBuildPhase;
			buildActionMask = 2147483647;
			files = (
			);
			runOnlyForDeploymentPostprocessing = 0;
		};
		D2D50F932B6AB474007F335C /* Resources */ = {
			isa = PBXResourcesBuildPhase;
			buildActionMask = 2147483647;
			files = (
			);
			runOnlyForDeploymentPostprocessing = 0;
		};
/* End PBXResourcesBuildPhase section */

/* Begin PBXSourcesBuildPhase section */
		D2D50F762B6AB472007F335C /* Sources */ = {
			isa = PBXSourcesBuildPhase;
			buildActionMask = 2147483647;
			files = (
				D2D50F802B6AB472007F335C /* ContentView.swift in Sources */,
				D2A116882B84374900CA5EFD /* SkeletonSection.swift in Sources */,
				D2A116862B8436A400CA5EFD /* SkeletonRow.swift in Sources */,
				D2CBDD082B89438500F4437D /* ApolloClient.swift in Sources */,
				D278176F2B6BAF8900D44B4D /* Venue.swift in Sources */,
				D22BA11A2B6B37D60037E129 /* ShowGroup.swift in Sources */,
				D21CC3912B6D7F3F005B2BFC /* Performer.swift in Sources */,
				D24492ED2B6D8A5A00DBCC13 /* PodcastList.swift in Sources */,
				D2D50F7E2B6AB472007F335C /* HighForThisApp.swift in Sources */,
				D27C2DD82B6C145E0036F4A9 /* MapView.swift in Sources */,
				D27817732B810BB900D44B4D /* PodcastDetail.swift in Sources */,
				D22BA11E2B6B38EA0037E129 /* ShowRow.swift in Sources */,
				D24492F12B6D8E4600DBCC13 /* Main.swift in Sources */,
				D27C2DDC2B6D4C1D0036F4A9 /* ShowDetailText.swift in Sources */,
				D2A116842B842F3700CA5EFD /* StaticData.swift in Sources */,
				D2A9291E2B6B403800480408 /* Helpers.swift in Sources */,
				D22BA1172B6B37BB0037E129 /* Show.swift in Sources */,
				D2A116822B84020B00CA5EFD /* Loading.swift in Sources */,
				D27C2DDA2B6D4B8E0036F4A9 /* DetectOrientation.swift in Sources */,
				D22BA1142B6B36E20037E129 /* ShowList.swift in Sources */,
				D29EB7BC2B6D89810093C1DC /* Podcast.swift in Sources */,
				D2A116792B814C5800CA5EFD /* AudioPlayerViewModel.swift in Sources */,
				D2A9291C2B6B3ED700480408 /* ShowDetail.swift in Sources */,
				D278176D2B6BAC8900D44B4D /* Videos.swift in Sources */,
			);
			runOnlyForDeploymentPostprocessing = 0;
		};
		D2D50F872B6AB474007F335C /* Sources */ = {
			isa = PBXSourcesBuildPhase;
			buildActionMask = 2147483647;
			files = (
				D2D50F902B6AB474007F335C /* HighForThisTests.swift in Sources */,
			);
			runOnlyForDeploymentPostprocessing = 0;
		};
		D2D50F912B6AB474007F335C /* Sources */ = {
			isa = PBXSourcesBuildPhase;
			buildActionMask = 2147483647;
			files = (
				D2D50F9C2B6AB474007F335C /* HighForThisUITestsLaunchTests.swift in Sources */,
				D2D50F9A2B6AB474007F335C /* HighForThisUITests.swift in Sources */,
			);
			runOnlyForDeploymentPostprocessing = 0;
		};
/* End PBXSourcesBuildPhase section */

/* Begin PBXTargetDependency section */
		D2D50F8D2B6AB474007F335C /* PBXTargetDependency */ = {
			isa = PBXTargetDependency;
			target = D2D50F792B6AB472007F335C /* HighForThis */;
			targetProxy = D2D50F8C2B6AB474007F335C /* PBXContainerItemProxy */;
		};
		D2D50F972B6AB474007F335C /* PBXTargetDependency */ = {
			isa = PBXTargetDependency;
			target = D2D50F792B6AB472007F335C /* HighForThis */;
			targetProxy = D2D50F962B6AB474007F335C /* PBXContainerItemProxy */;
		};
/* End PBXTargetDependency section */

/* Begin XCBuildConfiguration section */
		D2D50F9D2B6AB474007F335C /* Debug */ = {
			isa = XCBuildConfiguration;
			buildSettings = {
				ALWAYS_SEARCH_USER_PATHS = NO;
				ASSETCATALOG_COMPILER_GENERATE_SWIFT_ASSET_SYMBOL_EXTENSIONS = YES;
				CLANG_ANALYZER_NONNULL = YES;
				CLANG_ANALYZER_NUMBER_OBJECT_CONVERSION = YES_AGGRESSIVE;
				CLANG_CXX_LANGUAGE_STANDARD = "gnu++20";
				CLANG_ENABLE_MODULES = YES;
				CLANG_ENABLE_OBJC_ARC = YES;
				CLANG_ENABLE_OBJC_WEAK = YES;
				CLANG_WARN_BLOCK_CAPTURE_AUTORELEASING = YES;
				CLANG_WARN_BOOL_CONVERSION = YES;
				CLANG_WARN_COMMA = YES;
				CLANG_WARN_CONSTANT_CONVERSION = YES;
				CLANG_WARN_DEPRECATED_OBJC_IMPLEMENTATIONS = YES;
				CLANG_WARN_DIRECT_OBJC_ISA_USAGE = YES_ERROR;
				CLANG_WARN_DOCUMENTATION_COMMENTS = YES;
				CLANG_WARN_EMPTY_BODY = YES;
				CLANG_WARN_ENUM_CONVERSION = YES;
				CLANG_WARN_INFINITE_RECURSION = YES;
				CLANG_WARN_INT_CONVERSION = YES;
				CLANG_WARN_NON_LITERAL_NULL_CONVERSION = YES;
				CLANG_WARN_OBJC_IMPLICIT_RETAIN_SELF = YES;
				CLANG_WARN_OBJC_LITERAL_CONVERSION = YES;
				CLANG_WARN_OBJC_ROOT_CLASS = YES_ERROR;
				CLANG_WARN_QUOTED_INCLUDE_IN_FRAMEWORK_HEADER = YES;
				CLANG_WARN_RANGE_LOOP_ANALYSIS = YES;
				CLANG_WARN_STRICT_PROTOTYPES = YES;
				CLANG_WARN_SUSPICIOUS_MOVE = YES;
				CLANG_WARN_UNGUARDED_AVAILABILITY = YES_AGGRESSIVE;
				CLANG_WARN_UNREACHABLE_CODE = YES;
				CLANG_WARN__DUPLICATE_METHOD_MATCH = YES;
				COPY_PHASE_STRIP = NO;
				DEBUG_INFORMATION_FORMAT = dwarf;
				ENABLE_STRICT_OBJC_MSGSEND = YES;
				ENABLE_TESTABILITY = YES;
				ENABLE_USER_SCRIPT_SANDBOXING = YES;
				FOO = BAR;
				GCC_C_LANGUAGE_STANDARD = gnu17;
				GCC_DYNAMIC_NO_PIC = NO;
				GCC_NO_COMMON_BLOCKS = YES;
				GCC_OPTIMIZATION_LEVEL = 0;
				GCC_PREPROCESSOR_DEFINITIONS = (
					"DEBUG=1",
					"$(inherited)",
				);
				GCC_WARN_64_TO_32_BIT_CONVERSION = YES;
				GCC_WARN_ABOUT_RETURN_TYPE = YES_ERROR;
				GCC_WARN_UNDECLARED_SELECTOR = YES;
				GCC_WARN_UNINITIALIZED_AUTOS = YES_AGGRESSIVE;
				GCC_WARN_UNUSED_FUNCTION = YES;
				GCC_WARN_UNUSED_VARIABLE = YES;
				LOCALIZATION_PREFERS_STRING_CATALOGS = YES;
				MTL_ENABLE_DEBUG_INFO = INCLUDE_SOURCE;
				MTL_FAST_MATH = YES;
				ONLY_ACTIVE_ARCH = YES;
				SWIFT_ACTIVE_COMPILATION_CONDITIONS = "DEBUG $(inherited)";
				SWIFT_OPTIMIZATION_LEVEL = "-Onone";
			};
			name = Debug;
		};
		D2D50F9E2B6AB474007F335C /* Release */ = {
			isa = XCBuildConfiguration;
			buildSettings = {
				ALWAYS_SEARCH_USER_PATHS = NO;
				ASSETCATALOG_COMPILER_GENERATE_SWIFT_ASSET_SYMBOL_EXTENSIONS = YES;
				CLANG_ANALYZER_NONNULL = YES;
				CLANG_ANALYZER_NUMBER_OBJECT_CONVERSION = YES_AGGRESSIVE;
				CLANG_CXX_LANGUAGE_STANDARD = "gnu++20";
				CLANG_ENABLE_MODULES = YES;
				CLANG_ENABLE_OBJC_ARC = YES;
				CLANG_ENABLE_OBJC_WEAK = YES;
				CLANG_WARN_BLOCK_CAPTURE_AUTORELEASING = YES;
				CLANG_WARN_BOOL_CONVERSION = YES;
				CLANG_WARN_COMMA = YES;
				CLANG_WARN_CONSTANT_CONVERSION = YES;
				CLANG_WARN_DEPRECATED_OBJC_IMPLEMENTATIONS = YES;
				CLANG_WARN_DIRECT_OBJC_ISA_USAGE = YES_ERROR;
				CLANG_WARN_DOCUMENTATION_COMMENTS = YES;
				CLANG_WARN_EMPTY_BODY = YES;
				CLANG_WARN_ENUM_CONVERSION = YES;
				CLANG_WARN_INFINITE_RECURSION = YES;
				CLANG_WARN_INT_CONVERSION = YES;
				CLANG_WARN_NON_LITERAL_NULL_CONVERSION = YES;
				CLANG_WARN_OBJC_IMPLICIT_RETAIN_SELF = YES;
				CLANG_WARN_OBJC_LITERAL_CONVERSION = YES;
				CLANG_WARN_OBJC_ROOT_CLASS = YES_ERROR;
				CLANG_WARN_QUOTED_INCLUDE_IN_FRAMEWORK_HEADER = YES;
				CLANG_WARN_RANGE_LOOP_ANALYSIS = YES;
				CLANG_WARN_STRICT_PROTOTYPES = YES;
				CLANG_WARN_SUSPICIOUS_MOVE = YES;
				CLANG_WARN_UNGUARDED_AVAILABILITY = YES_AGGRESSIVE;
				CLANG_WARN_UNREACHABLE_CODE = YES;
				CLANG_WARN__DUPLICATE_METHOD_MATCH = YES;
				COPY_PHASE_STRIP = NO;
				DEBUG_INFORMATION_FORMAT = "dwarf-with-dsym";
				ENABLE_NS_ASSERTIONS = NO;
				ENABLE_STRICT_OBJC_MSGSEND = YES;
				ENABLE_USER_SCRIPT_SANDBOXING = YES;
				FOO = BAR;
				GCC_C_LANGUAGE_STANDARD = gnu17;
				GCC_NO_COMMON_BLOCKS = YES;
				GCC_WARN_64_TO_32_BIT_CONVERSION = YES;
				GCC_WARN_ABOUT_RETURN_TYPE = YES_ERROR;
				GCC_WARN_UNDECLARED_SELECTOR = YES;
				GCC_WARN_UNINITIALIZED_AUTOS = YES_AGGRESSIVE;
				GCC_WARN_UNUSED_FUNCTION = YES;
				GCC_WARN_UNUSED_VARIABLE = YES;
				LOCALIZATION_PREFERS_STRING_CATALOGS = YES;
				MTL_ENABLE_DEBUG_INFO = NO;
				MTL_FAST_MATH = YES;
				SWIFT_COMPILATION_MODE = wholemodule;
			};
			name = Release;
		};
		D2D50FA02B6AB474007F335C /* Debug */ = {
			isa = XCBuildConfiguration;
			buildSettings = {
				ASSETCATALOG_COMPILER_APPICON_NAME = AppIcon;
				ASSETCATALOG_COMPILER_GLOBAL_ACCENT_COLOR_NAME = AccentColor;
				CODE_SIGN_ENTITLEMENTS = HighForThis/HighForThis.entitlements;
				CODE_SIGN_IDENTITY = "Apple Development";
				"CODE_SIGN_IDENTITY[sdk=macosx*]" = "-";
				CODE_SIGN_STYLE = Automatic;
				CURRENT_PROJECT_VERSION = 1;
				DEVELOPMENT_ASSET_PATHS = "\"HighForThis/Preview Content\"";
				DEVELOPMENT_TEAM = LQR2VDPY65;
				ENABLE_HARDENED_RUNTIME = YES;
				ENABLE_PREVIEWS = YES;
				GENERATE_INFOPLIST_FILE = YES;
				INFOPLIST_FILE = HighForThis/Info.plist;
				"INFOPLIST_KEY_UIApplicationSceneManifest_Generation[sdk=iphoneos*]" = YES;
				"INFOPLIST_KEY_UIApplicationSceneManifest_Generation[sdk=iphonesimulator*]" = YES;
				"INFOPLIST_KEY_UIApplicationSupportsIndirectInputEvents[sdk=iphoneos*]" = YES;
				"INFOPLIST_KEY_UIApplicationSupportsIndirectInputEvents[sdk=iphonesimulator*]" = YES;
				"INFOPLIST_KEY_UILaunchScreen_Generation[sdk=iphoneos*]" = YES;
				"INFOPLIST_KEY_UILaunchScreen_Generation[sdk=iphonesimulator*]" = YES;
				"INFOPLIST_KEY_UIStatusBarStyle[sdk=iphoneos*]" = UIStatusBarStyleDefault;
				"INFOPLIST_KEY_UIStatusBarStyle[sdk=iphonesimulator*]" = UIStatusBarStyleDefault;
				INFOPLIST_KEY_UISupportedInterfaceOrientations_iPad = "UIInterfaceOrientationPortrait UIInterfaceOrientationPortraitUpsideDown UIInterfaceOrientationLandscapeLeft UIInterfaceOrientationLandscapeRight";
				INFOPLIST_KEY_UISupportedInterfaceOrientations_iPhone = "UIInterfaceOrientationPortrait UIInterfaceOrientationLandscapeLeft UIInterfaceOrientationLandscapeRight";
				IPHONEOS_DEPLOYMENT_TARGET = 17.2;
				LD_RUNPATH_SEARCH_PATHS = "@executable_path/Frameworks";
				"LD_RUNPATH_SEARCH_PATHS[sdk=macosx*]" = "@executable_path/../Frameworks";
				MACOSX_DEPLOYMENT_TARGET = 14.2;
				MARKETING_VERSION = 1.0;
				NEW_SETTING = "";
				PRODUCT_BUNDLE_IDENTIFIER = com.scottctaylor.HighForThis;
				PRODUCT_NAME = "$(TARGET_NAME)";
				PROVISIONING_PROFILE_SPECIFIER = "";
				SDKROOT = auto;
				SUPPORTED_PLATFORMS = "iphonesimulator iphoneos";
				SWIFT_EMIT_LOC_STRINGS = YES;
				SWIFT_VERSION = 5.0;
				TARGETED_DEVICE_FAMILY = "1,2";
			};
			name = Debug;
		};
		D2D50FA12B6AB474007F335C /* Release */ = {
			isa = XCBuildConfiguration;
			buildSettings = {
				ASSETCATALOG_COMPILER_APPICON_NAME = AppIcon;
				ASSETCATALOG_COMPILER_GLOBAL_ACCENT_COLOR_NAME = AccentColor;
				CODE_SIGN_ENTITLEMENTS = HighForThis/HighForThis.entitlements;
				CODE_SIGN_IDENTITY = "Apple Development";
				"CODE_SIGN_IDENTITY[sdk=macosx*]" = "-";
				CODE_SIGN_STYLE = Automatic;
				CURRENT_PROJECT_VERSION = 1;
				DEVELOPMENT_ASSET_PATHS = "\"HighForThis/Preview Content\"";
				DEVELOPMENT_TEAM = LQR2VDPY65;
				ENABLE_HARDENED_RUNTIME = YES;
				ENABLE_PREVIEWS = YES;
				GENERATE_INFOPLIST_FILE = YES;
				INFOPLIST_FILE = HighForThis/Info.plist;
				"INFOPLIST_KEY_UIApplicationSceneManifest_Generation[sdk=iphoneos*]" = YES;
				"INFOPLIST_KEY_UIApplicationSceneManifest_Generation[sdk=iphonesimulator*]" = YES;
				"INFOPLIST_KEY_UIApplicationSupportsIndirectInputEvents[sdk=iphoneos*]" = YES;
				"INFOPLIST_KEY_UIApplicationSupportsIndirectInputEvents[sdk=iphonesimulator*]" = YES;
				"INFOPLIST_KEY_UILaunchScreen_Generation[sdk=iphoneos*]" = YES;
				"INFOPLIST_KEY_UILaunchScreen_Generation[sdk=iphonesimulator*]" = YES;
				"INFOPLIST_KEY_UIStatusBarStyle[sdk=iphoneos*]" = UIStatusBarStyleDefault;
				"INFOPLIST_KEY_UIStatusBarStyle[sdk=iphonesimulator*]" = UIStatusBarStyleDefault;
				INFOPLIST_KEY_UISupportedInterfaceOrientations_iPad = "UIInterfaceOrientationPortrait UIInterfaceOrientationPortraitUpsideDown UIInterfaceOrientationLandscapeLeft UIInterfaceOrientationLandscapeRight";
				INFOPLIST_KEY_UISupportedInterfaceOrientations_iPhone = "UIInterfaceOrientationPortrait UIInterfaceOrientationLandscapeLeft UIInterfaceOrientationLandscapeRight";
				IPHONEOS_DEPLOYMENT_TARGET = 17.2;
				LD_RUNPATH_SEARCH_PATHS = "@executable_path/Frameworks";
				"LD_RUNPATH_SEARCH_PATHS[sdk=macosx*]" = "@executable_path/../Frameworks";
				MACOSX_DEPLOYMENT_TARGET = 14.2;
				MARKETING_VERSION = 1.0;
				NEW_SETTING = "";
				PRODUCT_BUNDLE_IDENTIFIER = com.scottctaylor.HighForThis;
				PRODUCT_NAME = "$(TARGET_NAME)";
				PROVISIONING_PROFILE_SPECIFIER = "";
				SDKROOT = auto;
				SUPPORTED_PLATFORMS = "iphonesimulator iphoneos";
				SWIFT_EMIT_LOC_STRINGS = YES;
				SWIFT_VERSION = 5.0;
				TARGETED_DEVICE_FAMILY = "1,2";
			};
			name = Release;
		};
		D2D50FA32B6AB474007F335C /* Debug */ = {
			isa = XCBuildConfiguration;
			buildSettings = {
				ALWAYS_EMBED_SWIFT_STANDARD_LIBRARIES = YES;
				BUNDLE_LOADER = "$(TEST_HOST)";
				CODE_SIGN_STYLE = Automatic;
				CURRENT_PROJECT_VERSION = 1;
				DEVELOPMENT_TEAM = LQR2VDPY65;
				GENERATE_INFOPLIST_FILE = YES;
				IPHONEOS_DEPLOYMENT_TARGET = 17.2;
				MACOSX_DEPLOYMENT_TARGET = 14.2;
				MARKETING_VERSION = 1.0;
				PRODUCT_BUNDLE_IDENTIFIER = com.scottctaylor.HighForThisTests;
				PRODUCT_NAME = "$(TARGET_NAME)";
				SDKROOT = auto;
				SUPPORTED_PLATFORMS = "iphoneos iphonesimulator macosx";
				SWIFT_EMIT_LOC_STRINGS = NO;
				SWIFT_VERSION = 5.0;
				TARGETED_DEVICE_FAMILY = "1,2";
				TEST_HOST = "$(BUILT_PRODUCTS_DIR)/HighForThis.app/$(BUNDLE_EXECUTABLE_FOLDER_PATH)/HighForThis";
			};
			name = Debug;
		};
		D2D50FA42B6AB474007F335C /* Release */ = {
			isa = XCBuildConfiguration;
			buildSettings = {
				ALWAYS_EMBED_SWIFT_STANDARD_LIBRARIES = YES;
				BUNDLE_LOADER = "$(TEST_HOST)";
				CODE_SIGN_STYLE = Automatic;
				CURRENT_PROJECT_VERSION = 1;
				DEVELOPMENT_TEAM = LQR2VDPY65;
				GENERATE_INFOPLIST_FILE = YES;
				IPHONEOS_DEPLOYMENT_TARGET = 17.2;
				MACOSX_DEPLOYMENT_TARGET = 14.2;
				MARKETING_VERSION = 1.0;
				PRODUCT_BUNDLE_IDENTIFIER = com.scottctaylor.HighForThisTests;
				PRODUCT_NAME = "$(TARGET_NAME)";
				SDKROOT = auto;
				SUPPORTED_PLATFORMS = "iphoneos iphonesimulator macosx";
				SWIFT_EMIT_LOC_STRINGS = NO;
				SWIFT_VERSION = 5.0;
				TARGETED_DEVICE_FAMILY = "1,2";
				TEST_HOST = "$(BUILT_PRODUCTS_DIR)/HighForThis.app/$(BUNDLE_EXECUTABLE_FOLDER_PATH)/HighForThis";
			};
			name = Release;
		};
		D2D50FA62B6AB474007F335C /* Debug */ = {
			isa = XCBuildConfiguration;
			buildSettings = {
				ALWAYS_EMBED_SWIFT_STANDARD_LIBRARIES = YES;
				CODE_SIGN_STYLE = Automatic;
				CURRENT_PROJECT_VERSION = 1;
				DEVELOPMENT_TEAM = LQR2VDPY65;
				GENERATE_INFOPLIST_FILE = YES;
				IPHONEOS_DEPLOYMENT_TARGET = 17.2;
				MACOSX_DEPLOYMENT_TARGET = 14.2;
				MARKETING_VERSION = 1.0;
				PRODUCT_BUNDLE_IDENTIFIER = com.scottctaylor.HighForThisUITests;
				PRODUCT_NAME = "$(TARGET_NAME)";
				SDKROOT = auto;
				SUPPORTED_PLATFORMS = "iphoneos iphonesimulator macosx";
				SWIFT_EMIT_LOC_STRINGS = NO;
				SWIFT_VERSION = 5.0;
				TARGETED_DEVICE_FAMILY = "1,2";
				TEST_TARGET_NAME = HighForThis;
			};
			name = Debug;
		};
		D2D50FA72B6AB474007F335C /* Release */ = {
			isa = XCBuildConfiguration;
			buildSettings = {
				ALWAYS_EMBED_SWIFT_STANDARD_LIBRARIES = YES;
				CODE_SIGN_STYLE = Automatic;
				CURRENT_PROJECT_VERSION = 1;
				DEVELOPMENT_TEAM = LQR2VDPY65;
				GENERATE_INFOPLIST_FILE = YES;
				IPHONEOS_DEPLOYMENT_TARGET = 17.2;
				MACOSX_DEPLOYMENT_TARGET = 14.2;
				MARKETING_VERSION = 1.0;
				PRODUCT_BUNDLE_IDENTIFIER = com.scottctaylor.HighForThisUITests;
				PRODUCT_NAME = "$(TARGET_NAME)";
				SDKROOT = auto;
				SUPPORTED_PLATFORMS = "iphoneos iphonesimulator macosx";
				SWIFT_EMIT_LOC_STRINGS = NO;
				SWIFT_VERSION = 5.0;
				TARGETED_DEVICE_FAMILY = "1,2";
				TEST_TARGET_NAME = HighForThis;
			};
			name = Release;
		};
/* End XCBuildConfiguration section */

/* Begin XCConfigurationList section */
		D2D50F752B6AB472007F335C /* Build configuration list for PBXProject "HighForThis" */ = {
			isa = XCConfigurationList;
			buildConfigurations = (
				D2D50F9D2B6AB474007F335C /* Debug */,
				D2D50F9E2B6AB474007F335C /* Release */,
			);
			defaultConfigurationIsVisible = 0;
			defaultConfigurationName = Release;
		};
		D2D50F9F2B6AB474007F335C /* Build configuration list for PBXNativeTarget "HighForThis" */ = {
			isa = XCConfigurationList;
			buildConfigurations = (
				D2D50FA02B6AB474007F335C /* Debug */,
				D2D50FA12B6AB474007F335C /* Release */,
			);
			defaultConfigurationIsVisible = 0;
			defaultConfigurationName = Release;
		};
		D2D50FA22B6AB474007F335C /* Build configuration list for PBXNativeTarget "HighForThisTests" */ = {
			isa = XCConfigurationList;
			buildConfigurations = (
				D2D50FA32B6AB474007F335C /* Debug */,
				D2D50FA42B6AB474007F335C /* Release */,
			);
			defaultConfigurationIsVisible = 0;
			defaultConfigurationName = Release;
		};
		D2D50FA52B6AB474007F335C /* Build configuration list for PBXNativeTarget "HighForThisUITests" */ = {
			isa = XCConfigurationList;
			buildConfigurations = (
				D2D50FA62B6AB474007F335C /* Debug */,
				D2D50FA72B6AB474007F335C /* Release */,
			);
			defaultConfigurationIsVisible = 0;
			defaultConfigurationName = Release;
		};
/* End XCConfigurationList section */

/* Begin XCLocalSwiftPackageReference section */
		D2CBDD182B894B5E00F4437D /* XCLocalSwiftPackageReference "HighForThisAPI" */ = {
			isa = XCLocalSwiftPackageReference;
			relativePath = HighForThisAPI;
		};
/* End XCLocalSwiftPackageReference section */

/* Begin XCRemoteSwiftPackageReference section */
		D2A1168B2B89365900CA5EFD /* XCRemoteSwiftPackageReference "apollo-ios" */ = {
			isa = XCRemoteSwiftPackageReference;
			repositoryURL = "https://github.com/apollographql/apollo-ios.git";
			requirement = {
				kind = upToNextMajorVersion;
				minimumVersion = 1.9.0;
			};
		};
/* End XCRemoteSwiftPackageReference section */

/* Begin XCSwiftPackageProductDependency section */
		D2A1168C2B89365900CA5EFD /* Apollo */ = {
			isa = XCSwiftPackageProductDependency;
			package = D2A1168B2B89365900CA5EFD /* XCRemoteSwiftPackageReference "apollo-ios" */;
			productName = Apollo;
		};
		D2A1168E2B89365900CA5EFD /* Apollo-Dynamic */ = {
			isa = XCSwiftPackageProductDependency;
			package = D2A1168B2B89365900CA5EFD /* XCRemoteSwiftPackageReference "apollo-ios" */;
			productName = "Apollo-Dynamic";
		};
		D2A116902B89365900CA5EFD /* ApolloAPI */ = {
			isa = XCSwiftPackageProductDependency;
			package = D2A1168B2B89365900CA5EFD /* XCRemoteSwiftPackageReference "apollo-ios" */;
			productName = ApolloAPI;
		};
		D2A116922B89365900CA5EFD /* ApolloSQLite */ = {
			isa = XCSwiftPackageProductDependency;
			package = D2A1168B2B89365900CA5EFD /* XCRemoteSwiftPackageReference "apollo-ios" */;
			productName = ApolloSQLite;
		};
		D2A116942B89365900CA5EFD /* ApolloTestSupport */ = {
			isa = XCSwiftPackageProductDependency;
			package = D2A1168B2B89365900CA5EFD /* XCRemoteSwiftPackageReference "apollo-ios" */;
			productName = ApolloTestSupport;
		};
		D2A116962B89365900CA5EFD /* ApolloWebSocket */ = {
			isa = XCSwiftPackageProductDependency;
			package = D2A1168B2B89365900CA5EFD /* XCRemoteSwiftPackageReference "apollo-ios" */;
			productName = ApolloWebSocket;
		};
		D2CBDD192B894B5E00F4437D /* HighForThisAPI */ = {
			isa = XCSwiftPackageProductDependency;
			productName = HighForThisAPI;
		};
/* End XCSwiftPackageProductDependency section */
	};
	rootObject = D2D50F722B6AB472007F335C /* Project object */;
}
